
Microsoft Visual Studio Solution File, Format Version 12.00
Project("{FAE04EC0-301F-11D3-BF4B-00C04F79EFBC}") = "LenghtOfArray", "LenghtOfArray\LenghtOfArray.csproj", "{54087FBE-6015-43EE-9EC9-6CE2F5C4B7F2}"
EndProject
Project("{FAE04EC0-301F-11D3-BF4B-00C04F79EFBC}") = "SumOfArray", "SumOfArray\SumOfArray.csproj", "{B1CE68DB-FFF5-409A-BB0E-4F9004D20F8B}"
EndProject
Project("{FAE04EC0-301F-11D3-BF4B-00C04F79EFBC}") = "AverageOfArray", "AverageOfArray\AverageOfArray.csproj", "{4CE52752-D6BE-448D-B119-684EEF5AF9D5}"
EndProject
Project("{FAE04EC0-301F-11D3-BF4B-00C04F79EFBC}") = "SmallestNumberInArray", "SmallestNumberInArray\SmallestNumberInArray.csproj", "{73B80637-A291-45C4-B65A-BFAAABE4FE8A}"
EndProject
Project("{FAE04EC0-301F-11D3-BF4B-00C04F79EFBC}") = "LargestNumberInArray", "LargestNumberInArray\LargestNumberInArray.csproj", "{903A4219-BBDE-4FCA-98AF-9B489D5A1C69}"
EndProject
Project("{FAE04EC0-301F-11D3-BF4B-00C04F79EFBC}") = "SecondLargestNumberInArray", "SecondLargestNumberInArray\SecondLargestNumberInArray.csproj", "{BB1BC019-9669-4A7F-AFFE-269953B81DD8}"
EndProject
Project("{2150E333-8FDC-42A3-9474-1A3956D46DE8}") = "Basic", "Basic", "{37DA8C9A-3A42-4950-A632-2BC9B9ADBE37}"
EndProject
Project("{FAE04EC0-301F-11D3-BF4B-00C04F79EFBC}") = "SecondSmallestNumbetInArray", "SecondSmallestNumbetInArray\SecondSmallestNumbetInArray.csproj", "{1FD0C18E-872B-4705-9554-C463B78875B3}"
EndProject
Project("{FAE04EC0-301F-11D3-BF4B-00C04F79EFBC}") = "DifferenceBetweenMaxAndMin", "DifferenceBetweenMaxAndMin\DifferenceBetweenMaxAndMin.csproj", "{69F6D95A-364B-433A-BB8E-90320E720C2D}"
EndProject
Project("{FAE04EC0-301F-11D3-BF4B-00C04F79EFBC}") = "Count_Even_Odd_In_Array", "Count_Even_Odd_In_Array\Count_Even_Odd_In_Array.csproj", "{951D5A1A-E3D8-437E-8B3B-A08D0EDA3A1A}"
EndProject
Project("{FAE04EC0-301F-11D3-BF4B-00C04F79EFBC}") = "Frequency_Of_Number", "Frequency_Of_Number\Frequency_Of_Number.csproj", "{EF0E24ED-A3B4-4843-AC3C-BD2311FB26D8}"
EndProject
Project("{FAE04EC0-301F-11D3-BF4B-00C04F79EFBC}") = "ReverseArray", "ReverseArray\ReverseArray.csproj", "{C7874167-3AF2-4796-9586-1A5180091C43}"
EndProject
Project("{2150E333-8FDC-42A3-9474-1A3956D46DE8}") = "Intermediate", "Intermediate", "{09995DF8-D7B3-4FEA-A187-A609D8C4F01C}"
EndProject
Project("{FAE04EC0-301F-11D3-BF4B-00C04F79EFBC}") = "RemoveDuplicates", "RemoveDuplicates\RemoveDuplicates.csproj", "{9E5DEB16-F292-45AF-BDE9-87278CA584AF}"
EndProject
Project("{FAE04EC0-301F-11D3-BF4B-00C04F79EFBC}") = "UniqueElementsInArray", "UniqueElementsInArray\UniqueElementsInArray.csproj", "{88EA3A0A-7CDF-40C9-92B9-AB19E87B22D7}"
EndProject
Project("{FAE04EC0-301F-11D3-BF4B-00C04F79EFBC}") = "Merge2SortedArray", "Merge2SortedArray\Merge2SortedArray.csproj", "{1ECF8255-F9C9-4808-A99E-5BC47659A239}"
EndProject
Project("{FAE04EC0-301F-11D3-BF4B-00C04F79EFBC}") = "DuplicateElementsInArray", "DuplicateElementsInArray\DuplicateElementsInArray.csproj", "{AB1696F3-7234-4CFF-8D8B-B9CDAB212A6B}"
EndProject
Project("{FAE04EC0-301F-11D3-BF4B-00C04F79EFBC}") = "Rotate_Array_Left_Or_Right_By_K_Steps", "Rotate_Array_Left_Or_Right_By_K_Steps\Rotate_Array_Left_Or_Right_By_K_Steps.csproj", "{28C97AF3-1512-44DB-A7AE-59B3EC4EA55A}"
EndProject
Global
	GlobalSection(SolutionConfigurationPlatforms) = preSolution
		Debug|Any CPU = Debug|Any CPU
		Release|Any CPU = Release|Any CPU
	EndGlobalSection
	GlobalSection(ProjectConfigurationPlatforms) = postSolution
		{54087FBE-6015-43EE-9EC9-6CE2F5C4B7F2}.Debug|Any CPU.ActiveCfg = Debug|Any CPU
		{54087FBE-6015-43EE-9EC9-6CE2F5C4B7F2}.Debug|Any CPU.Build.0 = Debug|Any CPU
		{54087FBE-6015-43EE-9EC9-6CE2F5C4B7F2}.Release|Any CPU.ActiveCfg = Release|Any CPU
		{54087FBE-6015-43EE-9EC9-6CE2F5C4B7F2}.Release|Any CPU.Build.0 = Release|Any CPU
		{B1CE68DB-FFF5-409A-BB0E-4F9004D20F8B}.Debug|Any CPU.ActiveCfg = Debug|Any CPU
		{B1CE68DB-FFF5-409A-BB0E-4F9004D20F8B}.Debug|Any CPU.Build.0 = Debug|Any CPU
		{B1CE68DB-FFF5-409A-BB0E-4F9004D20F8B}.Release|Any CPU.ActiveCfg = Release|Any CPU
		{B1CE68DB-FFF5-409A-BB0E-4F9004D20F8B}.Release|Any CPU.Build.0 = Release|Any CPU
		{4CE52752-D6BE-448D-B119-684EEF5AF9D5}.Debug|Any CPU.ActiveCfg = Debug|Any CPU
		{4CE52752-D6BE-448D-B119-684EEF5AF9D5}.Debug|Any CPU.Build.0 = Debug|Any CPU
		{4CE52752-D6BE-448D-B119-684EEF5AF9D5}.Release|Any CPU.ActiveCfg = Release|Any CPU
		{4CE52752-D6BE-448D-B119-684EEF5AF9D5}.Release|Any CPU.Build.0 = Release|Any CPU
		{73B80637-A291-45C4-B65A-BFAAABE4FE8A}.Debug|Any CPU.ActiveCfg = Debug|Any CPU
		{73B80637-A291-45C4-B65A-BFAAABE4FE8A}.Debug|Any CPU.Build.0 = Debug|Any CPU
		{73B80637-A291-45C4-B65A-BFAAABE4FE8A}.Release|Any CPU.ActiveCfg = Release|Any CPU
		{73B80637-A291-45C4-B65A-BFAAABE4FE8A}.Release|Any CPU.Build.0 = Release|Any CPU
		{903A4219-BBDE-4FCA-98AF-9B489D5A1C69}.Debug|Any CPU.ActiveCfg = Debug|Any CPU
		{903A4219-BBDE-4FCA-98AF-9B489D5A1C69}.Debug|Any CPU.Build.0 = Debug|Any CPU
		{903A4219-BBDE-4FCA-98AF-9B489D5A1C69}.Release|Any CPU.ActiveCfg = Release|Any CPU
		{903A4219-BBDE-4FCA-98AF-9B489D5A1C69}.Release|Any CPU.Build.0 = Release|Any CPU
		{BB1BC019-9669-4A7F-AFFE-269953B81DD8}.Debug|Any CPU.ActiveCfg = Debug|Any CPU
		{BB1BC019-9669-4A7F-AFFE-269953B81DD8}.Debug|Any CPU.Build.0 = Debug|Any CPU
		{BB1BC019-9669-4A7F-AFFE-269953B81DD8}.Release|Any CPU.ActiveCfg = Release|Any CPU
		{BB1BC019-9669-4A7F-AFFE-269953B81DD8}.Release|Any CPU.Build.0 = Release|Any CPU
		{1FD0C18E-872B-4705-9554-C463B78875B3}.Debug|Any CPU.ActiveCfg = Debug|Any CPU
		{1FD0C18E-872B-4705-9554-C463B78875B3}.Debug|Any CPU.Build.0 = Debug|Any CPU
		{1FD0C18E-872B-4705-9554-C463B78875B3}.Release|Any CPU.ActiveCfg = Release|Any CPU
		{1FD0C18E-872B-4705-9554-C463B78875B3}.Release|Any CPU.Build.0 = Release|Any CPU
		{69F6D95A-364B-433A-BB8E-90320E720C2D}.Debug|Any CPU.ActiveCfg = Debug|Any CPU
		{69F6D95A-364B-433A-BB8E-90320E720C2D}.Debug|Any CPU.Build.0 = Debug|Any CPU
		{69F6D95A-364B-433A-BB8E-90320E720C2D}.Release|Any CPU.ActiveCfg = Release|Any CPU
		{69F6D95A-364B-433A-BB8E-90320E720C2D}.Release|Any CPU.Build.0 = Release|Any CPU
		{951D5A1A-E3D8-437E-8B3B-A08D0EDA3A1A}.Debug|Any CPU.ActiveCfg = Debug|Any CPU
		{951D5A1A-E3D8-437E-8B3B-A08D0EDA3A1A}.Debug|Any CPU.Build.0 = Debug|Any CPU
		{951D5A1A-E3D8-437E-8B3B-A08D0EDA3A1A}.Release|Any CPU.ActiveCfg = Release|Any CPU
		{951D5A1A-E3D8-437E-8B3B-A08D0EDA3A1A}.Release|Any CPU.Build.0 = Release|Any CPU
		{EF0E24ED-A3B4-4843-AC3C-BD2311FB26D8}.Debug|Any CPU.ActiveCfg = Debug|Any CPU
		{EF0E24ED-A3B4-4843-AC3C-BD2311FB26D8}.Debug|Any CPU.Build.0 = Debug|Any CPU
		{EF0E24ED-A3B4-4843-AC3C-BD2311FB26D8}.Release|Any CPU.ActiveCfg = Release|Any CPU
		{EF0E24ED-A3B4-4843-AC3C-BD2311FB26D8}.Release|Any CPU.Build.0 = Release|Any CPU
		{C7874167-3AF2-4796-9586-1A5180091C43}.Debug|Any CPU.ActiveCfg = Debug|Any CPU
		{C7874167-3AF2-4796-9586-1A5180091C43}.Debug|Any CPU.Build.0 = Debug|Any CPU
		{C7874167-3AF2-4796-9586-1A5180091C43}.Release|Any CPU.ActiveCfg = Release|Any CPU
		{C7874167-3AF2-4796-9586-1A5180091C43}.Release|Any CPU.Build.0 = Release|Any CPU
		{9E5DEB16-F292-45AF-BDE9-87278CA584AF}.Debug|Any CPU.ActiveCfg = Debug|Any CPU
		{9E5DEB16-F292-45AF-BDE9-87278CA584AF}.Debug|Any CPU.Build.0 = Debug|Any CPU
		{9E5DEB16-F292-45AF-BDE9-87278CA584AF}.Release|Any CPU.ActiveCfg = Release|Any CPU
		{9E5DEB16-F292-45AF-BDE9-87278CA584AF}.Release|Any CPU.Build.0 = Release|Any CPU
		{88EA3A0A-7CDF-40C9-92B9-AB19E87B22D7}.Debug|Any CPU.ActiveCfg = Debug|Any CPU
		{88EA3A0A-7CDF-40C9-92B9-AB19E87B22D7}.Debug|Any CPU.Build.0 = Debug|Any CPU
		{88EA3A0A-7CDF-40C9-92B9-AB19E87B22D7}.Release|Any CPU.ActiveCfg = Release|Any CPU
		{88EA3A0A-7CDF-40C9-92B9-AB19E87B22D7}.Release|Any CPU.Build.0 = Release|Any CPU
		{1ECF8255-F9C9-4808-A99E-5BC47659A239}.Debug|Any CPU.ActiveCfg = Debug|Any CPU
		{1ECF8255-F9C9-4808-A99E-5BC47659A239}.Debug|Any CPU.Build.0 = Debug|Any CPU
		{1ECF8255-F9C9-4808-A99E-5BC47659A239}.Release|Any CPU.ActiveCfg = Release|Any CPU
		{1ECF8255-F9C9-4808-A99E-5BC47659A239}.Release|Any CPU.Build.0 = Release|Any CPU
		{AB1696F3-7234-4CFF-8D8B-B9CDAB212A6B}.Debug|Any CPU.ActiveCfg = Debug|Any CPU
		{AB1696F3-7234-4CFF-8D8B-B9CDAB212A6B}.Debug|Any CPU.Build.0 = Debug|Any CPU
		{AB1696F3-7234-4CFF-8D8B-B9CDAB212A6B}.Release|Any CPU.ActiveCfg = Release|Any CPU
		{AB1696F3-7234-4CFF-8D8B-B9CDAB212A6B}.Release|Any CPU.Build.0 = Release|Any CPU
		{28C97AF3-1512-44DB-A7AE-59B3EC4EA55A}.Debug|Any CPU.ActiveCfg = Debug|Any CPU
		{28C97AF3-1512-44DB-A7AE-59B3EC4EA55A}.Debug|Any CPU.Build.0 = Debug|Any CPU
		{28C97AF3-1512-44DB-A7AE-59B3EC4EA55A}.Release|Any CPU.ActiveCfg = Release|Any CPU
		{28C97AF3-1512-44DB-A7AE-59B3EC4EA55A}.Release|Any CPU.Build.0 = Release|Any CPU
	EndGlobalSection
	GlobalSection(NestedProjects) = preSolution
		{4CE52752-D6BE-448D-B119-684EEF5AF9D5} = {37DA8C9A-3A42-4950-A632-2BC9B9ADBE37}
		{903A4219-BBDE-4FCA-98AF-9B489D5A1C69} = {37DA8C9A-3A42-4950-A632-2BC9B9ADBE37}
		{54087FBE-6015-43EE-9EC9-6CE2F5C4B7F2} = {37DA8C9A-3A42-4950-A632-2BC9B9ADBE37}
		{BB1BC019-9669-4A7F-AFFE-269953B81DD8} = {37DA8C9A-3A42-4950-A632-2BC9B9ADBE37}
		{73B80637-A291-45C4-B65A-BFAAABE4FE8A} = {37DA8C9A-3A42-4950-A632-2BC9B9ADBE37}
		{B1CE68DB-FFF5-409A-BB0E-4F9004D20F8B} = {37DA8C9A-3A42-4950-A632-2BC9B9ADBE37}
		{1FD0C18E-872B-4705-9554-C463B78875B3} = {37DA8C9A-3A42-4950-A632-2BC9B9ADBE37}
		{69F6D95A-364B-433A-BB8E-90320E720C2D} = {37DA8C9A-3A42-4950-A632-2BC9B9ADBE37}
		{951D5A1A-E3D8-437E-8B3B-A08D0EDA3A1A} = {37DA8C9A-3A42-4950-A632-2BC9B9ADBE37}
		{EF0E24ED-A3B4-4843-AC3C-BD2311FB26D8} = {37DA8C9A-3A42-4950-A632-2BC9B9ADBE37}
		{C7874167-3AF2-4796-9586-1A5180091C43} = {37DA8C9A-3A42-4950-A632-2BC9B9ADBE37}
		{9E5DEB16-F292-45AF-BDE9-87278CA584AF} = {09995DF8-D7B3-4FEA-A187-A609D8C4F01C}
		{88EA3A0A-7CDF-40C9-92B9-AB19E87B22D7} = {09995DF8-D7B3-4FEA-A187-A609D8C4F01C}
		{1ECF8255-F9C9-4808-A99E-5BC47659A239} = {09995DF8-D7B3-4FEA-A187-A609D8C4F01C}
		{AB1696F3-7234-4CFF-8D8B-B9CDAB212A6B} = {09995DF8-D7B3-4FEA-A187-A609D8C4F01C}
		{28C97AF3-1512-44DB-A7AE-59B3EC4EA55A} = {09995DF8-D7B3-4FEA-A187-A609D8C4F01C}
	EndGlobalSection
EndGlobal
